
Microsoft Visual Studio Solution File, Format Version 12.00
# Visual Studio Version 16
VisualStudioVersion = 16.0.32228.343
MinimumVisualStudioVersion = 10.0.40219.1
Project("{9A19103F-16F7-4668-BE54-9A1E7A4F7556}") = "CRUD", "CRUD\CRUD.csproj", "{550D5CD9-FF9E-4502-8088-2AB39C65F48A}"
EndProject
Global
	GlobalSection(SolutionConfigurationPlatforms) = preSolution
		Debug|Any CPU = Debug|Any CPU
		Release|Any CPU = Release|Any CPU
	EndGlobalSection
	GlobalSection(ProjectConfigurationPlatforms) = postSolution
		{550D5CD9-FF9E-4502-8088-2AB39C65F48A}.Debug|Any CPU.ActiveCfg = Debug|Any CPU
		{550D5CD9-FF9E-4502-8088-2AB39C65F48A}.Debug|Any CPU.Build.0 = Debug|Any CPU
		{550D5CD9-FF9E-4502-8088-2AB39C65F48A}.Release|Any CPU.ActiveCfg = Release|Any CPU
		{550D5CD9-FF9E-4502-8088-2AB39C65F48A}.Release|Any CPU.Build.0 = Release|Any CPU
	EndGlobalSection
	GlobalSection(SolutionProperties) = preSolution
		HideSolutionNode = FALSE
	EndGlobalSection
	GlobalSection(ExtensibilityGlobals) = postSolution
		SolutionGuid = {635947FB-D99D-419C-B64D-AE8AF1C7FFCA}
	EndGlobalSection
EndGlobal
